
Microsoft Visual Studio Solution File, Format Version 12.00
# Visual Studio Version 17
VisualStudioVersion = 17.7.34024.191
MinimumVisualStudioVersion = 10.0.40219.1
Project("{FAE04EC0-301F-11D3-BF4B-00C04F79EFBC}") = "MegaDesk-Tapia", "MegaDesk-Tapia\MegaDesk-Tapia.csproj", "{330F2F1D-406D-4188-B541-C5E4DADA510F}"
EndProject
Global
	GlobalSection(SolutionConfigurationPlatforms) = preSolution
		Debug|Any CPU = Debug|Any CPU
		Release|Any CPU = Release|Any CPU
	EndGlobalSection
	GlobalSection(ProjectConfigurationPlatforms) = postSolution
		{330F2F1D-406D-4188-B541-C5E4DADA510F}.Debug|Any CPU.ActiveCfg = Debug|Any CPU
		{330F2F1D-406D-4188-B541-C5E4DADA510F}.Debug|Any CPU.Build.0 = Debug|Any CPU
		{330F2F1D-406D-4188-B541-C5E4DADA510F}.Release|Any CPU.ActiveCfg = Release|Any CPU
		{330F2F1D-406D-4188-B541-C5E4DADA510F}.Release|Any CPU.Build.0 = Release|Any CPU
	EndGlobalSection
	GlobalSection(SolutionProperties) = preSolution
		HideSolutionNode = FALSE
	EndGlobalSection
	GlobalSection(ExtensibilityGlobals) = postSolution
		SolutionGuid = {005DF5EA-652E-4360-AF9C-E45C4944FA29}
	EndGlobalSection
EndGlobal
